{
  "object": {
    "pins": [
      {
        "package": "Clause",
        "repositoryURL": "git@github.com:DG0BAB/Clause.git",
        "state": {
          "branch": "master",
          "revision": "74b915df2c4ec5e8b28daf550fd5234d1b181069",
          "version": null
        }
      }
    ]
  },
  "version": 1
}
