{
  "object": {
    "pins": [
      {
        "package": "Clause",
        "repositoryURL": "https://github.com/DG0BAB/Clause.git",
        "state": {
          "branch": "master",
          "revision": "b30c67c5a0e3e9381cade01969bcbd9b26291e33",
          "version": null
        }
      },
      {
        "package": "PetiteLogger",
        "repositoryURL": "git@github.com:DG0BAB/PetiteLogger.git",
        "state": {
          "branch": "master",
          "revision": "797d97fe8dc8876e4da393bd51ff16a0e0b44f29",
          "version": null
        }
      }
    ]
  },
  "version": 1
}
