{
  "object": {
    "pins": [
      {
        "package": "Clause",
        "repositoryURL": "git@github.com:DG0BAB/Clause.git",
        "state": {
          "branch": "develop",
          "revision": "09136009babff051fa03735f3830277a67f4c278",
          "version": null
        }
      },
      {
        "package": "PetiteLogger",
        "repositoryURL": "git@github.com:DG0BAB/PetiteLogger.git",
        "state": {
          "branch": "master",
          "revision": "797d97fe8dc8876e4da393bd51ff16a0e0b44f29",
          "version": null
        }
      }
    ]
  },
  "version": 1
}
